
Microsoft Visual Studio Solution File, Format Version 12.00
# Visual Studio 15
VisualStudioVersion = 15.0.27703.2042
MinimumVisualStudioVersion = 10.0.40219.1
Project("{FAE04EC0-301F-11D3-BF4B-00C04F79EFBC}") = "PermutationsTestApp", "PermutationsTestApp\PermutationsTestApp.csproj", "{AEE1062A-70A8-4C7C-A15A-FE309FCF938A}"
EndProject
Project("{FAE04EC0-301F-11D3-BF4B-00C04F79EFBC}") = "PermutationsTestApp.Tests", "PermutationsTestApp.Tests\PermutationsTestApp.Tests.csproj", "{17A85C7D-8830-4AC3-9A5D-5EC7DADD83E6}"
EndProject
Global
	GlobalSection(SolutionConfigurationPlatforms) = preSolution
		Debug|Any CPU = Debug|Any CPU
		Release|Any CPU = Release|Any CPU
	EndGlobalSection
	GlobalSection(ProjectConfigurationPlatforms) = postSolution
		{AEE1062A-70A8-4C7C-A15A-FE309FCF938A}.Debug|Any CPU.ActiveCfg = Debug|Any CPU
		{AEE1062A-70A8-4C7C-A15A-FE309FCF938A}.Debug|Any CPU.Build.0 = Debug|Any CPU
		{AEE1062A-70A8-4C7C-A15A-FE309FCF938A}.Release|Any CPU.ActiveCfg = Release|Any CPU
		{AEE1062A-70A8-4C7C-A15A-FE309FCF938A}.Release|Any CPU.Build.0 = Release|Any CPU
		{17A85C7D-8830-4AC3-9A5D-5EC7DADD83E6}.Debug|Any CPU.ActiveCfg = Debug|Any CPU
		{17A85C7D-8830-4AC3-9A5D-5EC7DADD83E6}.Debug|Any CPU.Build.0 = Debug|Any CPU
		{17A85C7D-8830-4AC3-9A5D-5EC7DADD83E6}.Release|Any CPU.ActiveCfg = Release|Any CPU
		{17A85C7D-8830-4AC3-9A5D-5EC7DADD83E6}.Release|Any CPU.Build.0 = Release|Any CPU
	EndGlobalSection
	GlobalSection(SolutionProperties) = preSolution
		HideSolutionNode = FALSE
	EndGlobalSection
	GlobalSection(ExtensibilityGlobals) = postSolution
		SolutionGuid = {7F337B18-3311-4A40-9534-A14E041F19F1}
	EndGlobalSection
EndGlobal
